// !$*UTF8*$!
{
	archiveVersion = 1;
	classes = {
	};
	objectVersion = 50;
	objects = {

/* Begin PBXBuildFile section */
		962355D229376C6E00D96CF8 /* WardViewController.swift in Sources */ = {isa = PBXBuildFile; fileRef = 962355D129376C6E00D96CF8 /* WardViewController.swift */; };
		962355D629376EBF00D96CF8 /* Ward.swift in Sources */ = {isa = PBXBuildFile; fileRef = 962355D529376EBF00D96CF8 /* Ward.swift */; };
		962355DA29376F5300D96CF8 /* ViewController.swift in Sources */ = {isa = PBXBuildFile; fileRef = 962355D929376F5300D96CF8 /* ViewController.swift */; };
		964AD26F2938D9C200302259 /* Door.swift in Sources */ = {isa = PBXBuildFile; fileRef = 964AD26E2938D9C200302259 /* Door.swift */; };
		964AD27B2938F17A00302259 /* DoorViewController.swift in Sources */ = {isa = PBXBuildFile; fileRef = 964AD27A2938F17A00302259 /* DoorViewController.swift */; };
		96FAEBDC292E4FBB00F9A7E8 /* AppDelegate.swift in Sources */ = {isa = PBXBuildFile; fileRef = 96FAEBDB292E4FBB00F9A7E8 /* AppDelegate.swift */; };
		96FAEBDE292E4FBB00F9A7E8 /* SceneDelegate.swift in Sources */ = {isa = PBXBuildFile; fileRef = 96FAEBDD292E4FBB00F9A7E8 /* SceneDelegate.swift */; };
		96FAEBE3292E4FBB00F9A7E8 /* Main.storyboard in Resources */ = {isa = PBXBuildFile; fileRef = 96FAEBE1292E4FBB00F9A7E8 /* Main.storyboard */; };
		96FAEBE5292E4FBF00F9A7E8 /* Assets.xcassets in Resources */ = {isa = PBXBuildFile; fileRef = 96FAEBE4292E4FBF00F9A7E8 /* Assets.xcassets */; };
		96FAEBE8292E4FBF00F9A7E8 /* LaunchScreen.storyboard in Resources */ = {isa = PBXBuildFile; fileRef = 96FAEBE6292E4FBF00F9A7E8 /* LaunchScreen.storyboard */; };
/* End PBXBuildFile section */

/* Begin PBXFileReference section */
		962355D129376C6E00D96CF8 /* WardViewController.swift */ = {isa = PBXFileReference; lastKnownFileType = sourcecode.swift; path = WardViewController.swift; sourceTree = "<group>"; };
		962355D529376EBF00D96CF8 /* Ward.swift */ = {isa = PBXFileReference; lastKnownFileType = sourcecode.swift; path = Ward.swift; sourceTree = "<group>"; };
		962355D929376F5300D96CF8 /* ViewController.swift */ = {isa = PBXFileReference; fileEncoding = 4; lastKnownFileType = sourcecode.swift; path = ViewController.swift; sourceTree = "<group>"; };
		964AD26E2938D9C200302259 /* Door.swift */ = {isa = PBXFileReference; lastKnownFileType = sourcecode.swift; path = Door.swift; sourceTree = "<group>"; };
		964AD27A2938F17A00302259 /* DoorViewController.swift */ = {isa = PBXFileReference; lastKnownFileType = sourcecode.swift; path = DoorViewController.swift; sourceTree = "<group>"; };
		96FAEBD8292E4FBB00F9A7E8 /* prjct.app */ = {isa = PBXFileReference; explicitFileType = wrapper.application; includeInIndex = 0; path = prjct.app; sourceTree = BUILT_PRODUCTS_DIR; };
		96FAEBDB292E4FBB00F9A7E8 /* AppDelegate.swift */ = {isa = PBXFileReference; lastKnownFileType = sourcecode.swift; path = AppDelegate.swift; sourceTree = "<group>"; };
		96FAEBDD292E4FBB00F9A7E8 /* SceneDelegate.swift */ = {isa = PBXFileReference; lastKnownFileType = sourcecode.swift; path = SceneDelegate.swift; sourceTree = "<group>"; };
		96FAEBE2292E4FBB00F9A7E8 /* Base */ = {isa = PBXFileReference; lastKnownFileType = file.storyboard; name = Base; path = Base.lproj/Main.storyboard; sourceTree = "<group>"; };
		96FAEBE4292E4FBF00F9A7E8 /* Assets.xcassets */ = {isa = PBXFileReference; lastKnownFileType = folder.assetcatalog; path = Assets.xcassets; sourceTree = "<group>"; };
		96FAEBE7292E4FBF00F9A7E8 /* Base */ = {isa = PBXFileReference; lastKnownFileType = file.storyboard; name = Base; path = Base.lproj/LaunchScreen.storyboard; sourceTree = "<group>"; };
		96FAEBE9292E4FBF00F9A7E8 /* Info.plist */ = {isa = PBXFileReference; lastKnownFileType = text.plist.xml; path = Info.plist; sourceTree = "<group>"; };
/* End PBXFileReference section */

/* Begin PBXFrameworksBuildPhase section */
		96FAEBD5292E4FBB00F9A7E8 /* Frameworks */ = {
			isa = PBXFrameworksBuildPhase;
			buildActionMask = 2147483647;
			files = (
			);
			runOnlyForDeploymentPostprocessing = 0;
		};
/* End PBXFrameworksBuildPhase section */

/* Begin PBXGroup section */
		96FAEBCF292E4FBB00F9A7E8 = {
			isa = PBXGroup;
			children = (
				96FAEBDA292E4FBB00F9A7E8 /* prjct */,
				96FAEBD9292E4FBB00F9A7E8 /* Products */,
			);
			sourceTree = "<group>";
		};
		96FAEBD9292E4FBB00F9A7E8 /* Products */ = {
			isa = PBXGroup;
			children = (
				96FAEBD8292E4FBB00F9A7E8 /* prjct.app */,
			);
			name = Products;
			sourceTree = "<group>";
		};
		96FAEBDA292E4FBB00F9A7E8 /* prjct */ = {
			isa = PBXGroup;
			children = (
				96FAEBDB292E4FBB00F9A7E8 /* AppDelegate.swift */,
				96FAEBDD292E4FBB00F9A7E8 /* SceneDelegate.swift */,
				96FAEBE1292E4FBB00F9A7E8 /* Main.storyboard */,
				962355D929376F5300D96CF8 /* ViewController.swift */,
				96FAEBE4292E4FBF00F9A7E8 /* Assets.xcassets */,
				96FAEBE6292E4FBF00F9A7E8 /* LaunchScreen.storyboard */,
				96FAEBE9292E4FBF00F9A7E8 /* Info.plist */,
				962355D129376C6E00D96CF8 /* WardViewController.swift */,
				962355D529376EBF00D96CF8 /* Ward.swift */,
				964AD27A2938F17A00302259 /* DoorViewController.swift */,
				964AD26E2938D9C200302259 /* Door.swift */,
			);
			path = prjct;
			sourceTree = "<group>";
		};
/* End PBXGroup section */

/* Begin PBXNativeTarget section */
		96FAEBD7292E4FBB00F9A7E8 /* prjct */ = {
			isa = PBXNativeTarget;
			buildConfigurationList = 96FAEBEC292E4FBF00F9A7E8 /* Build configuration list for PBXNativeTarget "prjct" */;
			buildPhases = (
				96FAEBD4292E4FBB00F9A7E8 /* Sources */,
				96FAEBD5292E4FBB00F9A7E8 /* Frameworks */,
				96FAEBD6292E4FBB00F9A7E8 /* Resources */,
			);
			buildRules = (
			);
			dependencies = (
			);
			name = prjct;
			productName = prjct;
			productReference = 96FAEBD8292E4FBB00F9A7E8 /* prjct.app */;
			productType = "com.apple.product-type.application";
		};
/* End PBXNativeTarget section */

/* Begin PBXProject section */
		96FAEBD0292E4FBB00F9A7E8 /* Project object */ = {
			isa = PBXProject;
			attributes = {
				LastSwiftUpdateCheck = 1220;
				LastUpgradeCheck = 1220;
				TargetAttributes = {
					96FAEBD7292E4FBB00F9A7E8 = {
						CreatedOnToolsVersion = 12.2;
					};
				};
			};
			buildConfigurationList = 96FAEBD3292E4FBB00F9A7E8 /* Build configuration list for PBXProject "prjct" */;
			compatibilityVersion = "Xcode 9.3";
			developmentRegion = en;
			hasScannedForEncodings = 0;
			knownRegions = (
				en,
				Base,
			);
			mainGroup = 96FAEBCF292E4FBB00F9A7E8;
			productRefGroup = 96FAEBD9292E4FBB00F9A7E8 /* Products */;
			projectDirPath = "";
			projectRoot = "";
			targets = (
				96FAEBD7292E4FBB00F9A7E8 /* prjct */,
			);
		};
/* End PBXProject section */

/* Begin PBXResourcesBuildPhase section */
		96FAEBD6292E4FBB00F9A7E8 /* Resources */ = {
			isa = PBXResourcesBuildPhase;
			buildActionMask = 2147483647;
			files = (
				96FAEBE8292E4FBF00F9A7E8 /* LaunchScreen.storyboard in Resources */,
				96FAEBE5292E4FBF00F9A7E8 /* Assets.xcassets in Resources */,
				96FAEBE3292E4FBB00F9A7E8 /* Main.storyboard in Resources */,
			);
			runOnlyForDeploymentPostprocessing = 0;
		};
/* End PBXResourcesBuildPhase section */

/* Begin PBXSourcesBuildPhase section */
		96FAEBD4292E4FBB00F9A7E8 /* Sources */ = {
			isa = PBXSourcesBuildPhase;
			buildActionMask = 2147483647;
			files = (
				964AD27B2938F17A00302259 /* DoorViewController.swift in Sources */,
				962355DA29376F5300D96CF8 /* ViewController.swift in Sources */,
				962355D629376EBF00D96CF8 /* Ward.swift in Sources */,
				962355D229376C6E00D96CF8 /* WardViewController.swift in Sources */,
				964AD26F2938D9C200302259 /* Door.swift in Sources */,
				96FAEBDC292E4FBB00F9A7E8 /* AppDelegate.swift in Sources */,
				96FAEBDE292E4FBB00F9A7E8 /* SceneDelegate.swift in Sources */,
			);
			runOnlyForDeploymentPostprocessing = 0;
		};
/* End PBXSourcesBuildPhase section */

/* Begin PBXVariantGroup section */
		96FAEBE1292E4FBB00F9A7E8 /* Main.storyboard */ = {
			isa = PBXVariantGroup;
			children = (
				96FAEBE2292E4FBB00F9A7E8 /* Base */,
			);
			name = Main.storyboard;
			sourceTree = "<group>";
		};
		96FAEBE6292E4FBF00F9A7E8 /* LaunchScreen.storyboard */ = {
			isa = PBXVariantGroup;
			children = (
				96FAEBE7292E4FBF00F9A7E8 /* Base */,
			);
			name = LaunchScreen.storyboard;
			sourceTree = "<group>";
		};
/* End PBXVariantGroup section */

/* Begin XCBuildConfiguration section */
		96FAEBEA292E4FBF00F9A7E8 /* Debug */ = {
			isa = XCBuildConfiguration;
			buildSettings = {
				ALWAYS_SEARCH_USER_PATHS = NO;
				CLANG_ANALYZER_NONNULL = YES;
				CLANG_ANALYZER_NUMBER_OBJECT_CONVERSION = YES_AGGRESSIVE;
				CLANG_CXX_LANGUAGE_STANDARD = "gnu++14";
				CLANG_CXX_LIBRARY = "libc++";
				CLANG_ENABLE_MODULES = YES;
				CLANG_ENABLE_OBJC_ARC = YES;
				CLANG_ENABLE_OBJC_WEAK = YES;
				CLANG_WARN_BLOCK_CAPTURE_AUTORELEASING = YES;
				CLANG_WARN_BOOL_CONVERSION = YES;
				CLANG_WARN_COMMA = YES;
				CLANG_WARN_CONSTANT_CONVERSION = YES;
				CLANG_WARN_DEPRECATED_OBJC_IMPLEMENTATIONS = YES;
				CLANG_WARN_DIRECT_OBJC_ISA_USAGE = YES_ERROR;
				CLANG_WARN_DOCUMENTATION_COMMENTS = YES;
				CLANG_WARN_EMPTY_BODY = YES;
				CLANG_WARN_ENUM_CONVERSION = YES;
				CLANG_WARN_INFINITE_RECURSION = YES;
				CLANG_WARN_INT_CONVERSION = YES;
				CLANG_WARN_NON_LITERAL_NULL_CONVERSION = YES;
				CLANG_WARN_OBJC_IMPLICIT_RETAIN_SELF = YES;
				CLANG_WARN_OBJC_LITERAL_CONVERSION = YES;
				CLANG_WARN_OBJC_ROOT_CLASS = YES_ERROR;
				CLANG_WARN_QUOTED_INCLUDE_IN_FRAMEWORK_HEADER = YES;
				CLANG_WARN_RANGE_LOOP_ANALYSIS = YES;
				CLANG_WARN_STRICT_PROTOTYPES = YES;
				CLANG_WARN_SUSPICIOUS_MOVE = YES;
				CLANG_WARN_UNGUARDED_AVAILABILITY = YES_AGGRESSIVE;
				CLANG_WARN_UNREACHABLE_CODE = YES;
				CLANG_WARN__DUPLICATE_METHOD_MATCH = YES;
				COPY_PHASE_STRIP = NO;
				DEBUG_INFORMATION_FORMAT = dwarf;
				ENABLE_STRICT_OBJC_MSGSEND = YES;
				ENABLE_TESTABILITY = YES;
				GCC_C_LANGUAGE_STANDARD = gnu11;
				GCC_DYNAMIC_NO_PIC = NO;
				GCC_NO_COMMON_BLOCKS = YES;
				GCC_OPTIMIZATION_LEVEL = 0;
				GCC_PREPROCESSOR_DEFINITIONS = (
					"DEBUG=1",
					"$(inherited)",
				);
				GCC_WARN_64_TO_32_BIT_CONVERSION = YES;
				GCC_WARN_ABOUT_RETURN_TYPE = YES_ERROR;
				GCC_WARN_UNDECLARED_SELECTOR = YES;
				GCC_WARN_UNINITIALIZED_AUTOS = YES_AGGRESSIVE;
				GCC_WARN_UNUSED_FUNCTION = YES;
				GCC_WARN_UNUSED_VARIABLE = YES;
				IPHONEOS_DEPLOYMENT_TARGET = 14.2;
				MTL_ENABLE_DEBUG_INFO = INCLUDE_SOURCE;
				MTL_FAST_MATH = YES;
				ONLY_ACTIVE_ARCH = YES;
				SDKROOT = iphoneos;
				SWIFT_ACTIVE_COMPILATION_CONDITIONS = DEBUG;
				SWIFT_OPTIMIZATION_LEVEL = "-Onone";
			};
			name = Debug;
		};
		96FAEBEB292E4FBF00F9A7E8 /* Release */ = {
			isa = XCBuildConfiguration;
			buildSettings = {
				ALWAYS_SEARCH_USER_PATHS = NO;
				CLANG_ANALYZER_NONNULL = YES;
				CLANG_ANALYZER_NUMBER_OBJECT_CONVERSION = YES_AGGRESSIVE;
				CLANG_CXX_LANGUAGE_STANDARD = "gnu++14";
				CLANG_CXX_LIBRARY = "libc++";
				CLANG_ENABLE_MODULES = YES;
				CLANG_ENABLE_OBJC_ARC = YES;
				CLANG_ENABLE_OBJC_WEAK = YES;
				CLANG_WARN_BLOCK_CAPTURE_AUTORELEASING = YES;
				CLANG_WARN_BOOL_CONVERSION = YES;
				CLANG_WARN_COMMA = YES;
				CLANG_WARN_CONSTANT_CONVERSION = YES;
				CLANG_WARN_DEPRECATED_OBJC_IMPLEMENTATIONS = YES;
				CLANG_WARN_DIRECT_OBJC_ISA_USAGE = YES_ERROR;
				CLANG_WARN_DOCUMENTATION_COMMENTS = YES;
				CLANG_WARN_EMPTY_BODY = YES;
				CLANG_WARN_ENUM_CONVERSION = YES;
				CLANG_WARN_INFINITE_RECURSION = YES;
				CLANG_WARN_INT_CONVERSION = YES;
				CLANG_WARN_NON_LITERAL_NULL_CONVERSION = YES;
				CLANG_WARN_OBJC_IMPLICIT_RETAIN_SELF = YES;
				CLANG_WARN_OBJC_LITERAL_CONVERSION = YES;
				CLANG_WARN_OBJC_ROOT_CLASS = YES_ERROR;
				CLANG_WARN_QUOTED_INCLUDE_IN_FRAMEWORK_HEADER = YES;
				CLANG_WARN_RANGE_LOOP_ANALYSIS = YES;
				CLANG_WARN_STRICT_PROTOTYPES = YES;
				CLANG_WARN_SUSPICIOUS_MOVE = YES;
				CLANG_WARN_UNGUARDED_AVAILABILITY = YES_AGGRESSIVE;
				CLANG_WARN_UNREACHABLE_CODE = YES;
				CLANG_WARN__DUPLICATE_METHOD_MATCH = YES;
				COPY_PHASE_STRIP = NO;
				DEBUG_INFORMATION_FORMAT = "dwarf-with-dsym";
				ENABLE_NS_ASSERTIONS = NO;
				ENABLE_STRICT_OBJC_MSGSEND = YES;
				GCC_C_LANGUAGE_STANDARD = gnu11;
				GCC_NO_COMMON_BLOCKS = YES;
				GCC_WARN_64_TO_32_BIT_CONVERSION = YES;
				GCC_WARN_ABOUT_RETURN_TYPE = YES_ERROR;
				GCC_WARN_UNDECLARED_SELECTOR = YES;
				GCC_WARN_UNINITIALIZED_AUTOS = YES_AGGRESSIVE;
				GCC_WARN_UNUSED_FUNCTION = YES;
				GCC_WARN_UNUSED_VARIABLE = YES;
				IPHONEOS_DEPLOYMENT_TARGET = 14.2;
				MTL_ENABLE_DEBUG_INFO = NO;
				MTL_FAST_MATH = YES;
				SDKROOT = iphoneos;
				SWIFT_COMPILATION_MODE = wholemodule;
				SWIFT_OPTIMIZATION_LEVEL = "-O";
				VALIDATE_PRODUCT = YES;
			};
			name = Release;
		};
		96FAEBED292E4FBF00F9A7E8 /* Debug */ = {
			isa = XCBuildConfiguration;
			buildSettings = {
				ASSETCATALOG_COMPILER_APPICON_NAME = AppIcon;
				ASSETCATALOG_COMPILER_GLOBAL_ACCENT_COLOR_NAME = AccentColor;
				CODE_SIGN_STYLE = Automatic;
				DEVELOPMENT_TEAM = MU6S47KJ25;
				INFOPLIST_FILE = prjct/Info.plist;
				IPHONEOS_DEPLOYMENT_TARGET = 12.0;
				LD_RUNPATH_SEARCH_PATHS = (
					"$(inherited)",
					"@executable_path/Frameworks",
				);
				PRODUCT_BUNDLE_IDENTIFIER = rikmasters.prjct;
				PRODUCT_NAME = "$(TARGET_NAME)";
				SWIFT_VERSION = 5.0;
				TARGETED_DEVICE_FAMILY = "1,2";
			};
			name = Debug;
		};
		96FAEBEE292E4FBF00F9A7E8 /* Release */ = {
			isa = XCBuildConfiguration;
			buildSettings = {
				ASSETCATALOG_COMPILER_APPICON_NAME = AppIcon;
				ASSETCATALOG_COMPILER_GLOBAL_ACCENT_COLOR_NAME = AccentColor;
				CODE_SIGN_STYLE = Automatic;
				DEVELOPMENT_TEAM = MU6S47KJ25;
				INFOPLIST_FILE = prjct/Info.plist;
				IPHONEOS_DEPLOYMENT_TARGET = 12.0;
				LD_RUNPATH_SEARCH_PATHS = (
					"$(inherited)",
					"@executable_path/Frameworks",
				);
				PRODUCT_BUNDLE_IDENTIFIER = rikmasters.prjct;
				PRODUCT_NAME = "$(TARGET_NAME)";
				SWIFT_VERSION = 5.0;
				TARGETED_DEVICE_FAMILY = "1,2";
			};
			name = Release;
		};
/* End XCBuildConfiguration section */

/* Begin XCConfigurationList section */
		96FAEBD3292E4FBB00F9A7E8 /* Build configuration list for PBXProject "prjct" */ = {
			isa = XCConfigurationList;
			buildConfigurations = (
				96FAEBEA292E4FBF00F9A7E8 /* Debug */,
				96FAEBEB292E4FBF00F9A7E8 /* Release */,
			);
			defaultConfigurationIsVisible = 0;
			defaultConfigurationName = Release;
		};
		96FAEBEC292E4FBF00F9A7E8 /* Build configuration list for PBXNativeTarget "prjct" */ = {
			isa = XCConfigurationList;
			buildConfigurations = (
				96FAEBED292E4FBF00F9A7E8 /* Debug */,
				96FAEBEE292E4FBF00F9A7E8 /* Release */,
			);
			defaultConfigurationIsVisible = 0;
			defaultConfigurationName = Release;
		};
/* End XCConfigurationList section */
	};
	rootObject = 96FAEBD0292E4FBB00F9A7E8 /* Project object */;
}
